# THIS IS AN AUTOGENERATED FILE. DO NOT EDIT THIS FILE DIRECTLY.
# yarn lockfile v1


asn1@~0.2.0:
  version "0.2.4"
  resolved "https://registry.yarnpkg.com/asn1/-/asn1-0.2.4.tgz#8d2475dfab553bb33e77b54e59e880bb8ce23136"
  dependencies:
    safer-buffer "~2.1.0"

atom-package-deps@^5.1.0:
  version "5.1.0"
  resolved "https://registry.yarnpkg.com/atom-package-deps/-/atom-package-deps-5.1.0.tgz#be493f783d9c0a8b5b7f2c4ab0ddcc778035f878"
  dependencies:
    sb-fs "^4.0.0"
    semver "^6.0.0"

bcrypt-pbkdf@^1.0.2:
  version "1.0.2"
  resolved "https://registry.yarnpkg.com/bcrypt-pbkdf/-/bcrypt-pbkdf-1.0.2.tgz#a4301d389b6a43f9b67ff3ca11a3f6637e360e9e"
  dependencies:
    tweetnacl "^0.14.3"

doc-ready@^1.0.4:
  version "1.0.4"
  resolved "https://registry.yarnpkg.com/doc-ready/-/doc-ready-1.0.4.tgz#37f5391969cff994303fdfef2e5d50357f8164d3"
  dependencies:
    eventie "^1"

electron-prompt@^1.3.0:
  version "1.3.0"
  resolved "https://registry.yarnpkg.com/electron-prompt/-/electron-prompt-1.3.0.tgz#f4919963db941f3ea8a519063abd707e9344f5a9"
  dependencies:
    doc-ready "^1.0.4"

eventie@^1:
  version "1.0.6"
  resolved "https://registry.yarnpkg.com/eventie/-/eventie-1.0.6.tgz#d4ffc8b0c2b5e493c2aa1b22cbe918d3aee74437"

is-utf8@^0.2.1:
  version "0.2.1"
  resolved "https://registry.yarnpkg.com/is-utf8/-/is-utf8-0.2.1.tgz#4b0da1442104d1b336340e80797e865cf39f7d72"

safer-buffer@~2.1.0:
  version "2.1.2"
  resolved "https://registry.yarnpkg.com/safer-buffer/-/safer-buffer-2.1.2.tgz#44fa161b0187b9549dd84bb91802f9bd8385cd6a"

sb-fs@^4.0.0:
  version "4.0.0"
  resolved "https://registry.yarnpkg.com/sb-fs/-/sb-fs-4.0.0.tgz#b84ca0045f09d4643304113d4e0543b508a56f73"
  dependencies:
    strip-bom-buf "^1.0.0"

semver@^6.0.0:
  version "6.0.0"
  resolved "https://registry.yarnpkg.com/semver/-/semver-6.0.0.tgz#05e359ee571e5ad7ed641a6eec1e547ba52dea65"

ssh2-streams@~0.4.4:
  version "0.4.4"
  resolved "https://registry.yarnpkg.com/ssh2-streams/-/ssh2-streams-0.4.4.tgz#7f07464c4b19ee93324995ec7164f110c5a13658"
  dependencies:
    asn1 "~0.2.0"
    bcrypt-pbkdf "^1.0.2"
    streamsearch "~0.1.2"

ssh2@^0.8.4:
  version "0.8.4"
  resolved "https://registry.yarnpkg.com/ssh2/-/ssh2-0.8.4.tgz#0a657d9371c1fe9f9e349bcff6144febee256aa6"
  dependencies:
    ssh2-streams "~0.4.4"

streamsearch@~0.1.2:
  version "0.1.2"
  resolved "https://registry.yarnpkg.com/streamsearch/-/streamsearch-0.1.2.tgz#808b9d0e56fc273d809ba57338e929919a1a9f1a"

strip-bom-buf@^1.0.0:
  version "1.0.0"
  resolved "https://registry.yarnpkg.com/strip-bom-buf/-/strip-bom-buf-1.0.0.tgz#1cb45aaf57530f4caf86c7f75179d2c9a51dd572"
  dependencies:
    is-utf8 "^0.2.1"

tweetnacl@^0.14.3:
  version "0.14.5"
  resolved "https://registry.yarnpkg.com/tweetnacl/-/tweetnacl-0.14.5.tgz#5ae68177f192d4456269d108afa93ff8743f4f64"
